
Microsoft Visual Studio Solution File, Format Version 12.00
# Visual Studio 15
VisualStudioVersion = 15.0.27428.2002
MinimumVisualStudioVersion = 10.0.40219.1
Project("{FAE04EC0-301F-11D3-BF4B-00C04F79EFBC}") = "SteelThreadProject", "SteelThreadProject\SteelThreadProject.csproj", "{7713D0B5-EF68-4B1B-93FE-28A44D0E50E3}"
EndProject
Global
	GlobalSection(SolutionConfigurationPlatforms) = preSolution
		Debug|Any CPU = Debug|Any CPU
		Release|Any CPU = Release|Any CPU
	EndGlobalSection
	GlobalSection(ProjectConfigurationPlatforms) = postSolution
		{7713D0B5-EF68-4B1B-93FE-28A44D0E50E3}.Debug|Any CPU.ActiveCfg = Debug|Any CPU
		{7713D0B5-EF68-4B1B-93FE-28A44D0E50E3}.Debug|Any CPU.Build.0 = Debug|Any CPU
		{7713D0B5-EF68-4B1B-93FE-28A44D0E50E3}.Release|Any CPU.ActiveCfg = Release|Any CPU
		{7713D0B5-EF68-4B1B-93FE-28A44D0E50E3}.Release|Any CPU.Build.0 = Release|Any CPU
	EndGlobalSection
	GlobalSection(SolutionProperties) = preSolution
		HideSolutionNode = FALSE
	EndGlobalSection
	GlobalSection(ExtensibilityGlobals) = postSolution
		SolutionGuid = {7DB280CF-8756-487B-BFF5-B5794207AC13}
	EndGlobalSection
EndGlobal
